Microsoft Visual Studio Solution File, Format Version 10.00
# Visual Studio 2008
Project("{8BC9CEB8-8B4A-11D0-8D11-00A0C91BC942}") = "libamethyst", "lib\libamethyst.vcproj", "{601F238B-0BC6-4595-AB35-A6AD52CE4522}"
EndProject
Project("{8BC9CEB8-8B4A-11D0-8D11-00A0C91BC942}") = "Amethyst-GL", "amethyst-gl\amethyst-gl.vcproj", "{1D1CFFFC-A673-4090-A2CB-AF0A416B890E}"
	ProjectSection(ProjectDependencies) = postProject
		{601F238B-0BC6-4595-AB35-A6AD52CE4522} = {601F238B-0BC6-4595-AB35-A6AD52CE4522}
		{2F90229E-B6C0-4A0E-9148-5483FB13FA52} = {2F90229E-B6C0-4A0E-9148-5483FB13FA52}
		{B0EAFE9E-C69C-4D7B-8A98-8253C0D43683} = {B0EAFE9E-C69C-4D7B-8A98-8253C0D43683}
	EndProjectSection
EndProject
Project("{8BC9CEB8-8B4A-11D0-8D11-00A0C91BC942}") = "amethyst-server", "server\amethyst-server.vcproj", "{CD5E45E9-446D-4FE6-B52F-80DFE63F312B}"
	ProjectSection(ProjectDependencies) = postProject
		{601F238B-0BC6-4595-AB35-A6AD52CE4522} = {601F238B-0BC6-4595-AB35-A6AD52CE4522}
	EndProjectSection
EndProject
Project("{8BC9CEB8-8B4A-11D0-8D11-00A0C91BC942}") = "libsha2", "support\boost\crypto\libsha2.vcproj", "{2F90229E-B6C0-4A0E-9148-5483FB13FA52}"
EndProject
Project("{8BC9CEB8-8B4A-11D0-8D11-00A0C91BC942}") = "mod_uiw_log", "amethyst-gl\modules\mod_uiw_log.vcproj", "{55962ED9-2D00-474A-BC4C-8565647E495E}"
	ProjectSection(ProjectDependencies) = postProject
		{1D1CFFFC-A673-4090-A2CB-AF0A416B890E} = {1D1CFFFC-A673-4090-A2CB-AF0A416B890E}
	EndProjectSection
EndProject
Project("{8BC9CEB8-8B4A-11D0-8D11-00A0C91BC942}") = "ftgl_dll", "support\FTGL\win32_vcpp\ftgl_dll\ftgl_dll.vcproj", "{B0EAFE9E-C69C-4D7B-8A98-8253C0D43683}"
EndProject
Global
	GlobalSection(SolutionConfigurationPlatforms) = preSolution
		Debug MT|Win32 = Debug MT|Win32
		Debug|Win32 = Debug|Win32
		Release MT|Win32 = Release MT|Win32
		Release|Win32 = Release|Win32
	EndGlobalSection
	GlobalSection(ProjectConfigurationPlatforms) = postSolution
		{601F238B-0BC6-4595-AB35-A6AD52CE4522}.Debug MT|Win32.ActiveCfg = Debug|Win32
		{601F238B-0BC6-4595-AB35-A6AD52CE4522}.Debug MT|Win32.Build.0 = Debug|Win32
		{601F238B-0BC6-4595-AB35-A6AD52CE4522}.Debug|Win32.ActiveCfg = Release|Win32
		{601F238B-0BC6-4595-AB35-A6AD52CE4522}.Debug|Win32.Build.0 = Release|Win32
		{601F238B-0BC6-4595-AB35-A6AD52CE4522}.Release MT|Win32.ActiveCfg = Release|Win32
		{601F238B-0BC6-4595-AB35-A6AD52CE4522}.Release MT|Win32.Build.0 = Release|Win32
		{601F238B-0BC6-4595-AB35-A6AD52CE4522}.Release|Win32.ActiveCfg = Release|Win32
		{601F238B-0BC6-4595-AB35-A6AD52CE4522}.Release|Win32.Build.0 = Release|Win32
		{1D1CFFFC-A673-4090-A2CB-AF0A416B890E}.Debug MT|Win32.ActiveCfg = Debug|Win32
		{1D1CFFFC-A673-4090-A2CB-AF0A416B890E}.Debug MT|Win32.Build.0 = Debug|Win32
		{1D1CFFFC-A673-4090-A2CB-AF0A416B890E}.Debug|Win32.ActiveCfg = Debug|Win32
		{1D1CFFFC-A673-4090-A2CB-AF0A416B890E}.Debug|Win32.Build.0 = Debug|Win32
		{1D1CFFFC-A673-4090-A2CB-AF0A416B890E}.Release MT|Win32.ActiveCfg = Release|Win32
		{1D1CFFFC-A673-4090-A2CB-AF0A416B890E}.Release MT|Win32.Build.0 = Release|Win32
		{1D1CFFFC-A673-4090-A2CB-AF0A416B890E}.Release|Win32.ActiveCfg = Release|Win32
		{1D1CFFFC-A673-4090-A2CB-AF0A416B890E}.Release|Win32.Build.0 = Release|Win32
		{CD5E45E9-446D-4FE6-B52F-80DFE63F312B}.Debug MT|Win32.ActiveCfg = Debug|Win32
		{CD5E45E9-446D-4FE6-B52F-80DFE63F312B}.Debug MT|Win32.Build.0 = Debug|Win32
		{CD5E45E9-446D-4FE6-B52F-80DFE63F312B}.Debug|Win32.ActiveCfg = Debug|Win32
		{CD5E45E9-446D-4FE6-B52F-80DFE63F312B}.Debug|Win32.Build.0 = Debug|Win32
		{CD5E45E9-446D-4FE6-B52F-80DFE63F312B}.Release MT|Win32.ActiveCfg = Release|Win32
		{CD5E45E9-446D-4FE6-B52F-80DFE63F312B}.Release MT|Win32.Build.0 = Release|Win32
		{CD5E45E9-446D-4FE6-B52F-80DFE63F312B}.Release|Win32.ActiveCfg = Release|Win32
		{CD5E45E9-446D-4FE6-B52F-80DFE63F312B}.Release|Win32.Build.0 = Release|Win32
		{2F90229E-B6C0-4A0E-9148-5483FB13FA52}.Debug MT|Win32.ActiveCfg = Debug|Win32
		{2F90229E-B6C0-4A0E-9148-5483FB13FA52}.Debug MT|Win32.Build.0 = Debug|Win32
		{2F90229E-B6C0-4A0E-9148-5483FB13FA52}.Debug|Win32.ActiveCfg = Release|Win32
		{2F90229E-B6C0-4A0E-9148-5483FB13FA52}.Debug|Win32.Build.0 = Release|Win32
		{2F90229E-B6C0-4A0E-9148-5483FB13FA52}.Release MT|Win32.ActiveCfg = Release|Win32
		{2F90229E-B6C0-4A0E-9148-5483FB13FA52}.Release MT|Win32.Build.0 = Release|Win32
		{2F90229E-B6C0-4A0E-9148-5483FB13FA52}.Release|Win32.ActiveCfg = Release|Win32
		{2F90229E-B6C0-4A0E-9148-5483FB13FA52}.Release|Win32.Build.0 = Release|Win32
		{55962ED9-2D00-474A-BC4C-8565647E495E}.Debug MT|Win32.ActiveCfg = Debug|Win32
		{55962ED9-2D00-474A-BC4C-8565647E495E}.Debug MT|Win32.Build.0 = Debug|Win32
		{55962ED9-2D00-474A-BC4C-8565647E495E}.Debug|Win32.ActiveCfg = Release|Win32
		{55962ED9-2D00-474A-BC4C-8565647E495E}.Debug|Win32.Build.0 = Release|Win32
		{55962ED9-2D00-474A-BC4C-8565647E495E}.Release MT|Win32.ActiveCfg = Release|Win32
		{55962ED9-2D00-474A-BC4C-8565647E495E}.Release MT|Win32.Build.0 = Release|Win32
		{55962ED9-2D00-474A-BC4C-8565647E495E}.Release|Win32.ActiveCfg = Release|Win32
		{55962ED9-2D00-474A-BC4C-8565647E495E}.Release|Win32.Build.0 = Release|Win32
		{B0EAFE9E-C69C-4D7B-8A98-8253C0D43683}.Debug MT|Win32.ActiveCfg = Debug MT|Win32
		{B0EAFE9E-C69C-4D7B-8A98-8253C0D43683}.Debug MT|Win32.Build.0 = Debug MT|Win32
		{B0EAFE9E-C69C-4D7B-8A98-8253C0D43683}.Debug|Win32.ActiveCfg = Debug|Win32
		{B0EAFE9E-C69C-4D7B-8A98-8253C0D43683}.Debug|Win32.Build.0 = Debug|Win32
		{B0EAFE9E-C69C-4D7B-8A98-8253C0D43683}.Release MT|Win32.ActiveCfg = Release MT|Win32
		{B0EAFE9E-C69C-4D7B-8A98-8253C0D43683}.Release MT|Win32.Build.0 = Release MT|Win32
		{B0EAFE9E-C69C-4D7B-8A98-8253C0D43683}.Release|Win32.ActiveCfg = Release MT|Win32
		{B0EAFE9E-C69C-4D7B-8A98-8253C0D43683}.Release|Win32.Build.0 = Release MT|Win32
	EndGlobalSection
	GlobalSection(SolutionProperties) = preSolution
		HideSolutionNode = FALSE
	EndGlobalSection
EndGlobal
